
Microsoft Visual Studio Solution File, Format Version 12.00
# Visual Studio Version 17
VisualStudioVersion = 17.9.34728.123
MinimumVisualStudioVersion = 10.0.40219.1
Project("{9A19103F-16F7-4668-BE54-9A1E7A4F7556}") = "CpuIntensiveApp.Tests", "CpuIntensiveApp.Tests.csproj", "{B1316788-C439-4A83-83C4-79493906AD27}"
EndProject
Global
	GlobalSection(SolutionConfigurationPlatforms) = preSolution
		Debug|Any CPU = Debug|Any CPU
		Release|Any CPU = Release|Any CPU
	EndGlobalSection
	GlobalSection(ProjectConfigurationPlatforms) = postSolution
		{B1316788-C439-4A83-83C4-79493906AD27}.Debug|Any CPU.ActiveCfg = Debug|Any CPU
		{B1316788-C439-4A83-83C4-79493906AD27}.Debug|Any CPU.Build.0 = Debug|Any CPU
		{B1316788-C439-4A83-83C4-79493906AD27}.Release|Any CPU.ActiveCfg = Release|Any CPU
		{B1316788-C439-4A83-83C4-79493906AD27}.Release|Any CPU.Build.0 = Release|Any CPU
	EndGlobalSection
	GlobalSection(SolutionProperties) = preSolution
		HideSolutionNode = FALSE
	EndGlobalSection
	GlobalSection(ExtensibilityGlobals) = postSolution
		SolutionGuid = {5300AA50-B6E6-42B5-A148-F784C271AB93}
	EndGlobalSection
EndGlobal
